
Microsoft Visual Studio Solution File, Format Version 12.00
# Visual Studio Version 17
VisualStudioVersion = 17.3.32929.385
MinimumVisualStudioVersion = 10.0.40219.1
Project("{FAE04EC0-301F-11D3-BF4B-00C04F79EFBC}") = "Poslasticarnica", "Poslasticarnica.csproj", "{62D4A8F1-4AB5-43DF-8894-04B33EA73A9D}"
EndProject
Global
	GlobalSection(SolutionConfigurationPlatforms) = preSolution
		Debug|Any CPU = Debug|Any CPU
		Release|Any CPU = Release|Any CPU
	EndGlobalSection
	GlobalSection(ProjectConfigurationPlatforms) = postSolution
		{62D4A8F1-4AB5-43DF-8894-04B33EA73A9D}.Debug|Any CPU.ActiveCfg = Debug|Any CPU
		{62D4A8F1-4AB5-43DF-8894-04B33EA73A9D}.Debug|Any CPU.Build.0 = Debug|Any CPU
		{62D4A8F1-4AB5-43DF-8894-04B33EA73A9D}.Release|Any CPU.ActiveCfg = Release|Any CPU
		{62D4A8F1-4AB5-43DF-8894-04B33EA73A9D}.Release|Any CPU.Build.0 = Release|Any CPU
	EndGlobalSection
	GlobalSection(SolutionProperties) = preSolution
		HideSolutionNode = FALSE
	EndGlobalSection
	GlobalSection(ExtensibilityGlobals) = postSolution
		SolutionGuid = {8FA8CDD4-E1FA-4175-8CAC-6619D5AE0181}
	EndGlobalSection
EndGlobal
